
Microsoft Visual Studio Solution File, Format Version 12.00
# Visual Studio Version 17
VisualStudioVersion = 17.5.002.0
MinimumVisualStudioVersion = 10.0.40219.1
Project("{9A19103F-16F7-4668-BE54-9A1E7A4F7556}") = "OpenTelemetryDemo", "OpenTelemetryDemo.csproj", "{A30E61A3-612B-49E7-89FB-4DBC3CAC19D4}"
EndProject
Global
	GlobalSection(SolutionConfigurationPlatforms) = preSolution
		Debug|Any CPU = Debug|Any CPU
		Release|Any CPU = Release|Any CPU
	EndGlobalSection
	GlobalSection(ProjectConfigurationPlatforms) = postSolution
		{A30E61A3-612B-49E7-89FB-4DBC3CAC19D4}.Debug|Any CPU.ActiveCfg = Debug|Any CPU
		{A30E61A3-612B-49E7-89FB-4DBC3CAC19D4}.Debug|Any CPU.Build.0 = Debug|Any CPU
		{A30E61A3-612B-49E7-89FB-4DBC3CAC19D4}.Release|Any CPU.ActiveCfg = Release|Any CPU
		{A30E61A3-612B-49E7-89FB-4DBC3CAC19D4}.Release|Any CPU.Build.0 = Release|Any CPU
	EndGlobalSection
	GlobalSection(SolutionProperties) = preSolution
		HideSolutionNode = FALSE
	EndGlobalSection
	GlobalSection(ExtensibilityGlobals) = postSolution
		SolutionGuid = {232ADC95-FA6A-45DC-A6F4-851C924CCFBC}
	EndGlobalSection
EndGlobal
